
Microsoft Visual Studio Solution File, Format Version 12.00
# Visual Studio Version 16
VisualStudioVersion = 16.0.29806.167
MinimumVisualStudioVersion = 10.0.40219.1
Project("{FAE04EC0-301F-11D3-BF4B-00C04F79EFBC}") = "StudentGroupHomework", "StudentGroupHomework\StudentGroupHomework.csproj", "{69B6A8A8-4C6C-482F-9491-10C7741D30B9}"
EndProject
Project("{FAE04EC0-301F-11D3-BF4B-00C04F79EFBC}") = "SumOfEvenHomework", "SumOfEvenHomework\SumOfEvenHomework.csproj", "{C811B8ED-1E9E-46A5-95CD-EEB59D134B6B}"
EndProject
Project("{FAE04EC0-301F-11D3-BF4B-00C04F79EFBC}") = "ArraysExercise05Homework", "Exercise05Homework\ArraysExercise05Homework.csproj", "{2EF2F292-9BBA-4F46-8BAD-43574EB75B60}"
EndProject
Global
	GlobalSection(SolutionConfigurationPlatforms) = preSolution
		Debug|Any CPU = Debug|Any CPU
		Release|Any CPU = Release|Any CPU
	EndGlobalSection
	GlobalSection(ProjectConfigurationPlatforms) = postSolution
		{69B6A8A8-4C6C-482F-9491-10C7741D30B9}.Debug|Any CPU.ActiveCfg = Debug|Any CPU
		{69B6A8A8-4C6C-482F-9491-10C7741D30B9}.Debug|Any CPU.Build.0 = Debug|Any CPU
		{69B6A8A8-4C6C-482F-9491-10C7741D30B9}.Release|Any CPU.ActiveCfg = Release|Any CPU
		{69B6A8A8-4C6C-482F-9491-10C7741D30B9}.Release|Any CPU.Build.0 = Release|Any CPU
		{C811B8ED-1E9E-46A5-95CD-EEB59D134B6B}.Debug|Any CPU.ActiveCfg = Debug|Any CPU
		{C811B8ED-1E9E-46A5-95CD-EEB59D134B6B}.Debug|Any CPU.Build.0 = Debug|Any CPU
		{C811B8ED-1E9E-46A5-95CD-EEB59D134B6B}.Release|Any CPU.ActiveCfg = Release|Any CPU
		{C811B8ED-1E9E-46A5-95CD-EEB59D134B6B}.Release|Any CPU.Build.0 = Release|Any CPU
		{2EF2F292-9BBA-4F46-8BAD-43574EB75B60}.Debug|Any CPU.ActiveCfg = Debug|Any CPU
		{2EF2F292-9BBA-4F46-8BAD-43574EB75B60}.Debug|Any CPU.Build.0 = Debug|Any CPU
		{2EF2F292-9BBA-4F46-8BAD-43574EB75B60}.Release|Any CPU.ActiveCfg = Release|Any CPU
		{2EF2F292-9BBA-4F46-8BAD-43574EB75B60}.Release|Any CPU.Build.0 = Release|Any CPU
	EndGlobalSection
	GlobalSection(SolutionProperties) = preSolution
		HideSolutionNode = FALSE
	EndGlobalSection
	GlobalSection(ExtensibilityGlobals) = postSolution
		SolutionGuid = {F58AE477-E754-466B-A76D-5CED8271997C}
	EndGlobalSection
EndGlobal
